
Microsoft Visual Studio Solution File, Format Version 12.00
# Visual Studio 15
VisualStudioVersion = 15.0.28010.2046
MinimumVisualStudioVersion = 10.0.40219.1
Project("{FAE04EC0-301F-11D3-BF4B-00C04F79EFBC}") = "SideNotes", "SideNotes\SideNotes.csproj", "{D12F215C-45D4-460F-B88F-797D89EA6A66}"
EndProject
Project("{FAE04EC0-301F-11D3-BF4B-00C04F79EFBC}") = "SideNotes.UnitTests", "SideNotes.UnitTests\SideNotes.UnitTests.csproj", "{EA7DDFCC-BC45-4BF6-8ED6-A66BDC705BAA}"
EndProject
Global
	GlobalSection(SolutionConfigurationPlatforms) = preSolution
		Debug|Any CPU = Debug|Any CPU
		Release|Any CPU = Release|Any CPU
	EndGlobalSection
	GlobalSection(ProjectConfigurationPlatforms) = postSolution
		{D12F215C-45D4-460F-B88F-797D89EA6A66}.Debug|Any CPU.ActiveCfg = Debug|Any CPU
		{D12F215C-45D4-460F-B88F-797D89EA6A66}.Debug|Any CPU.Build.0 = Debug|Any CPU
		{D12F215C-45D4-460F-B88F-797D89EA6A66}.Release|Any CPU.ActiveCfg = Release|Any CPU
		{D12F215C-45D4-460F-B88F-797D89EA6A66}.Release|Any CPU.Build.0 = Release|Any CPU
		{EA7DDFCC-BC45-4BF6-8ED6-A66BDC705BAA}.Debug|Any CPU.ActiveCfg = Debug|Any CPU
		{EA7DDFCC-BC45-4BF6-8ED6-A66BDC705BAA}.Debug|Any CPU.Build.0 = Debug|Any CPU
		{EA7DDFCC-BC45-4BF6-8ED6-A66BDC705BAA}.Release|Any CPU.ActiveCfg = Release|Any CPU
		{EA7DDFCC-BC45-4BF6-8ED6-A66BDC705BAA}.Release|Any CPU.Build.0 = Release|Any CPU
	EndGlobalSection
	GlobalSection(SolutionProperties) = preSolution
		HideSolutionNode = FALSE
	EndGlobalSection
	GlobalSection(ExtensibilityGlobals) = postSolution
		SolutionGuid = {4C3800FC-6990-4B47-B73B-B3B1D0245693}
	EndGlobalSection
EndGlobal
